
Microsoft Visual Studio Solution File, Format Version 12.00
# Visual Studio Version 17
VisualStudioVersion = 17.2.32630.192
MinimumVisualStudioVersion = 10.0.40219.1
Project("{8BC9CEB8-8B4A-11D0-8D11-00A0C91BC942}") = "zConnect", "zConnect.vcxproj", "{34812EC6-4030-465D-861A-DB0511B88AA6}"
EndProject
Global
	GlobalSection(SolutionConfigurationPlatforms) = preSolution
		Debug|x64 = Debug|x64
		Release|x64 = Release|x64
	EndGlobalSection
	GlobalSection(ProjectConfigurationPlatforms) = postSolution
		{34812EC6-4030-465D-861A-DB0511B88AA6}.Debug|x64.ActiveCfg = Debug|x64
		{34812EC6-4030-465D-861A-DB0511B88AA6}.Debug|x64.Build.0 = Debug|x64
		{34812EC6-4030-465D-861A-DB0511B88AA6}.Release|x64.ActiveCfg = Release|x64
		{34812EC6-4030-465D-861A-DB0511B88AA6}.Release|x64.Build.0 = Release|x64
	EndGlobalSection
	GlobalSection(SolutionProperties) = preSolution
		HideSolutionNode = FALSE
	EndGlobalSection
	GlobalSection(ExtensibilityGlobals) = postSolution
		SolutionGuid = {762DFDA8-D4E2-470A-9945-63E42FA5956B}
	EndGlobalSection
EndGlobal
